
Microsoft Visual Studio Solution File, Format Version 12.00
# Visual Studio Version 17
VisualStudioVersion = 17.8.34316.72
MinimumVisualStudioVersion = 10.0.40219.1
Project("{888888A0-9F3D-457C-B088-3A5042F75D52}") = "JimuBT", "JimuBT.pyproj", "{FF2D00B4-955D-4E8A-B58F-06DAB46F8AED}"
EndProject
Global
	GlobalSection(SolutionConfigurationPlatforms) = preSolution
		Debug|Any CPU = Debug|Any CPU
		Release|Any CPU = Release|Any CPU
	EndGlobalSection
	GlobalSection(ProjectConfigurationPlatforms) = postSolution
		{FF2D00B4-955D-4E8A-B58F-06DAB46F8AED}.Debug|Any CPU.ActiveCfg = Debug|Any CPU
		{FF2D00B4-955D-4E8A-B58F-06DAB46F8AED}.Release|Any CPU.ActiveCfg = Release|Any CPU
	EndGlobalSection
	GlobalSection(SolutionProperties) = preSolution
		HideSolutionNode = FALSE
	EndGlobalSection
	GlobalSection(ExtensibilityGlobals) = postSolution
		SolutionGuid = {5E1B34AB-F494-49C0-BC12-522F1D64DAF8}
	EndGlobalSection
EndGlobal
